
Microsoft Visual Studio Solution File, Format Version 12.00
# Visual Studio Version 16
VisualStudioVersion = 16.0.29215.179
MinimumVisualStudioVersion = 10.0.40219.1
Project("{FAE04EC0-301F-11D3-BF4B-00C04F79EFBC}") = "Ecocash", "Ecocash\Ecocash.csproj", "{D4FEA905-CAAC-4A5F-8280-15934C3E01EB}"
EndProject
Global
	GlobalSection(SolutionConfigurationPlatforms) = preSolution
		Debug|Any CPU = Debug|Any CPU
		Release|Any CPU = Release|Any CPU
	EndGlobalSection
	GlobalSection(ProjectConfigurationPlatforms) = postSolution
		{D4FEA905-CAAC-4A5F-8280-15934C3E01EB}.Debug|Any CPU.ActiveCfg = Debug|Any CPU
		{D4FEA905-CAAC-4A5F-8280-15934C3E01EB}.Debug|Any CPU.Build.0 = Debug|Any CPU
		{D4FEA905-CAAC-4A5F-8280-15934C3E01EB}.Release|Any CPU.ActiveCfg = Release|Any CPU
		{D4FEA905-CAAC-4A5F-8280-15934C3E01EB}.Release|Any CPU.Build.0 = Release|Any CPU
	EndGlobalSection
	GlobalSection(SolutionProperties) = preSolution
		HideSolutionNode = FALSE
	EndGlobalSection
	GlobalSection(ExtensibilityGlobals) = postSolution
		SolutionGuid = {98EBB968-2129-4C17-BEB8-F8F46989B5B3}
	EndGlobalSection
EndGlobal
